<?xml version="1.0" encoding="UTF-8" standalone="yes" ?>
<CodeBlocks_project_file>
	<FileVersion major="1" minor="6" />
	<Project>
		<Option title="SteamTanks" />
		<Option pch_mode="2" />
		<Option compiler="gcc" />
		<Build>
			<Target title="Debug">
				<Option output="bin/Debug/SteamTanks" prefix_auto="1" extension_auto="1" />
				<Option working_dir="/home/wbr/Documents/irrlicht-1.8.3/bin/" />
				<Option object_output="obj/Debug/" />
				<Option type="1" />
				<Option compiler="gcc" />
				<Compiler>
					<Add option="-g" />
				</Compiler>
			</Target>
			<Target title="Release">
				<Option output="bin/Release/SteamTanks" prefix_auto="1" extension_auto="1" />
				<Option working_dir="/home/wbr/Documents/irrlicht-1.8.3/bin/" />
				<Option object_output="obj/Release/" />
				<Option type="0" />
				<Option compiler="gcc" />
				<Compiler>
					<Add option="-O2" />
				</Compiler>
				<Linker>
					<Add option="-s" />
				</Linker>
			</Target>
		</Build>
		<Compiler>
			<Add option="-Wall" />
			<Add option="-std=c++11" />
			<Add directory="/home/wbr/Documents/irrlicht-1.8.3/include" />
			<Add directory="../irrtest/LIBS/bullet/include/bullet" />
		</Compiler>
		<Linker>
			<Add library="Irrlicht" />
			<Add library="GL" />
			<Add library="GLU" />
			<Add library="Xxf86vm" />
			<Add library="../Documents/irrlicht-1.8.3/lib/Linux/libIrrlicht.a" />
			<Add library="X11" />
			<Add library="/home/wbr/irrtest/LIBS/bullet/lib/libBulletCollision.so" />
			<Add library="../irrtest/LIBS/bullet/lib/libBulletSoftBody.so" />
			<Add library="/home/wbr/irrtest/LIBS/bullet/lib/libBulletDynamics.so" />
			<Add library="../irrtest/LIBS/bullet/lib/libLinearMath.so" />
			<Add directory="/home/wbr/Documents/irrlicht-1.8.3/lib/" />
			<Add directory="../irrtest/LIBS/bullet/lib" />
		</Linker>
		<Unit filename="main.cpp" />
		<Extensions>
			<code_completion />
			<debugger />
		</Extensions>
	</Project>
</CodeBlocks_project_file>
